
Microsoft Visual Studio Solution File, Format Version 12.00
# Visual Studio Version 16
VisualStudioVersion = 16.0.31004.235
MinimumVisualStudioVersion = 10.0.40219.1
Project("{FAE04EC0-301F-11D3-BF4B-00C04F79EFBC}") = "HashDemo", "HashDemo.csproj", "{A56A28C1-DAC5-4802-B9C3-E8F7701C6350}"
EndProject
Global
	GlobalSection(SolutionConfigurationPlatforms) = preSolution
		Debug|Any CPU = Debug|Any CPU
		Release|Any CPU = Release|Any CPU
	EndGlobalSection
	GlobalSection(ProjectConfigurationPlatforms) = postSolution
		{A56A28C1-DAC5-4802-B9C3-E8F7701C6350}.Debug|Any CPU.ActiveCfg = Debug|Any CPU
		{A56A28C1-DAC5-4802-B9C3-E8F7701C6350}.Debug|Any CPU.Build.0 = Debug|Any CPU
		{A56A28C1-DAC5-4802-B9C3-E8F7701C6350}.Release|Any CPU.ActiveCfg = Release|Any CPU
		{A56A28C1-DAC5-4802-B9C3-E8F7701C6350}.Release|Any CPU.Build.0 = Release|Any CPU
	EndGlobalSection
	GlobalSection(SolutionProperties) = preSolution
		HideSolutionNode = FALSE
	EndGlobalSection
	GlobalSection(ExtensibilityGlobals) = postSolution
		SolutionGuid = {22DED19F-F399-421D-8A60-AA2B6675750D}
	EndGlobalSection
EndGlobal
